// !$*UTF8*$!
{
	archiveVersion = 1;
	classes = {
	};
	objectVersion = 50;
	objects = {

/* Begin PBXBuildFile section */
		91AD46802195B3AE0047DBA7 /* AppDelegate.swift in Sources */ = {isa = PBXBuildFile; fileRef = 91AD467F2195B3AE0047DBA7 /* AppDelegate.swift */; };
		91AD46822195B3AE0047DBA7 /* ViewController.swift in Sources */ = {isa = PBXBuildFile; fileRef = 91AD46812195B3AE0047DBA7 /* ViewController.swift */; };
		91AD46852195B3AE0047DBA7 /* Main.storyboard in Resources */ = {isa = PBXBuildFile; fileRef = 91AD46832195B3AE0047DBA7 /* Main.storyboard */; };
		91AD46872195B3B10047DBA7 /* Assets.xcassets in Resources */ = {isa = PBXBuildFile; fileRef = 91AD46862195B3B10047DBA7 /* Assets.xcassets */; };
		91AD468A2195B3B10047DBA7 /* LaunchScreen.storyboard in Resources */ = {isa = PBXBuildFile; fileRef = 91AD46882195B3B10047DBA7 /* LaunchScreen.storyboard */; };
		91AD46922195B4050047DBA7 /* DependencyContainer.swift in Sources */ = {isa = PBXBuildFile; fileRef = 91AD46912195B4050047DBA7 /* DependencyContainer.swift */; };
		91AD46A02195BA630047DBA7 /* TableDataSource.swift in Sources */ = {isa = PBXBuildFile; fileRef = 91AD469A2195BA630047DBA7 /* TableDataSource.swift */; };
		91AD46A12195BA630047DBA7 /* ArrayDataProvider.swift in Sources */ = {isa = PBXBuildFile; fileRef = 91AD469B2195BA630047DBA7 /* ArrayDataProvider.swift */; };
		91AD46A22195BA630047DBA7 /* TableDataProvider.swift in Sources */ = {isa = PBXBuildFile; fileRef = 91AD469C2195BA630047DBA7 /* TableDataProvider.swift */; };
		91AD46A32195BA630047DBA7 /* TableArrayDataSource.swift in Sources */ = {isa = PBXBuildFile; fileRef = 91AD469D2195BA630047DBA7 /* TableArrayDataSource.swift */; };
		91AD46A42195BA630047DBA7 /* ConfigurableCell.swift in Sources */ = {isa = PBXBuildFile; fileRef = 91AD469E2195BA630047DBA7 /* ConfigurableCell.swift */; };
		91AD46A52195BA630047DBA7 /* ReusableCell.swift in Sources */ = {isa = PBXBuildFile; fileRef = 91AD469F2195BA630047DBA7 /* ReusableCell.swift */; };
		91AD46A72195BAEA0047DBA7 /* ViewController2.swift in Sources */ = {isa = PBXBuildFile; fileRef = 91AD46A62195BAEA0047DBA7 /* ViewController2.swift */; };
		91AD46AB2195BBA80047DBA7 /* TableViewCellRed.swift in Sources */ = {isa = PBXBuildFile; fileRef = 91AD46A92195BBA80047DBA7 /* TableViewCellRed.swift */; };
		91AD46AC2195BBA80047DBA7 /* TableViewCellRed.xib in Resources */ = {isa = PBXBuildFile; fileRef = 91AD46AA2195BBA80047DBA7 /* TableViewCellRed.xib */; };
		91AD46B12195BBD00047DBA7 /* TableViewCellBlue.swift in Sources */ = {isa = PBXBuildFile; fileRef = 91AD46AF2195BBD00047DBA7 /* TableViewCellBlue.swift */; };
		91AD46B22195BBD00047DBA7 /* TableViewCellBlue.xib in Resources */ = {isa = PBXBuildFile; fileRef = 91AD46B02195BBD00047DBA7 /* TableViewCellBlue.xib */; };
		91AD46B42195BC950047DBA7 /* BlueCellDataSource.swift in Sources */ = {isa = PBXBuildFile; fileRef = 91AD46B32195BC950047DBA7 /* BlueCellDataSource.swift */; };
		91AD46B62195BCA50047DBA7 /* RedCellDataSource.swift in Sources */ = {isa = PBXBuildFile; fileRef = 91AD46B52195BCA50047DBA7 /* RedCellDataSource.swift */; };
		91AD46B82195BDD60047DBA7 /* CellViewModel.swift in Sources */ = {isa = PBXBuildFile; fileRef = 91AD46B72195BDD60047DBA7 /* CellViewModel.swift */; };
/* End PBXBuildFile section */

/* Begin PBXFileReference section */
		91AD467C2195B3AE0047DBA7 /* DataSourceFabricSouce.app */ = {isa = PBXFileReference; explicitFileType = wrapper.application; includeInIndex = 0; path = DataSourceFabricSouce.app; sourceTree = BUILT_PRODUCTS_DIR; };
		91AD467F2195B3AE0047DBA7 /* AppDelegate.swift */ = {isa = PBXFileReference; lastKnownFileType = sourcecode.swift; path = AppDelegate.swift; sourceTree = "<group>"; };
		91AD46812195B3AE0047DBA7 /* ViewController.swift */ = {isa = PBXFileReference; lastKnownFileType = sourcecode.swift; path = ViewController.swift; sourceTree = "<group>"; };
		91AD46842195B3AE0047DBA7 /* Base */ = {isa = PBXFileReference; lastKnownFileType = file.storyboard; name = Base; path = Base.lproj/Main.storyboard; sourceTree = "<group>"; };
		91AD46862195B3B10047DBA7 /* Assets.xcassets */ = {isa = PBXFileReference; lastKnownFileType = folder.assetcatalog; path = Assets.xcassets; sourceTree = "<group>"; };
		91AD46892195B3B10047DBA7 /* Base */ = {isa = PBXFileReference; lastKnownFileType = file.storyboard; name = Base; path = Base.lproj/LaunchScreen.storyboard; sourceTree = "<group>"; };
		91AD468B2195B3B10047DBA7 /* Info.plist */ = {isa = PBXFileReference; lastKnownFileType = text.plist.xml; path = Info.plist; sourceTree = "<group>"; };
		91AD46912195B4050047DBA7 /* DependencyContainer.swift */ = {isa = PBXFileReference; lastKnownFileType = sourcecode.swift; path = DependencyContainer.swift; sourceTree = "<group>"; };
		91AD469A2195BA630047DBA7 /* TableDataSource.swift */ = {isa = PBXFileReference; fileEncoding = 4; lastKnownFileType = sourcecode.swift; path = TableDataSource.swift; sourceTree = "<group>"; };
		91AD469B2195BA630047DBA7 /* ArrayDataProvider.swift */ = {isa = PBXFileReference; fileEncoding = 4; lastKnownFileType = sourcecode.swift; path = ArrayDataProvider.swift; sourceTree = "<group>"; };
		91AD469C2195BA630047DBA7 /* TableDataProvider.swift */ = {isa = PBXFileReference; fileEncoding = 4; lastKnownFileType = sourcecode.swift; path = TableDataProvider.swift; sourceTree = "<group>"; };
		91AD469D2195BA630047DBA7 /* TableArrayDataSource.swift */ = {isa = PBXFileReference; fileEncoding = 4; lastKnownFileType = sourcecode.swift; path = TableArrayDataSource.swift; sourceTree = "<group>"; };
		91AD469E2195BA630047DBA7 /* ConfigurableCell.swift */ = {isa = PBXFileReference; fileEncoding = 4; lastKnownFileType = sourcecode.swift; path = ConfigurableCell.swift; sourceTree = "<group>"; };
		91AD469F2195BA630047DBA7 /* ReusableCell.swift */ = {isa = PBXFileReference; fileEncoding = 4; lastKnownFileType = sourcecode.swift; path = ReusableCell.swift; sourceTree = "<group>"; };
		91AD46A62195BAEA0047DBA7 /* ViewController2.swift */ = {isa = PBXFileReference; lastKnownFileType = sourcecode.swift; path = ViewController2.swift; sourceTree = "<group>"; };
		91AD46A92195BBA80047DBA7 /* TableViewCellRed.swift */ = {isa = PBXFileReference; lastKnownFileType = sourcecode.swift; path = TableViewCellRed.swift; sourceTree = "<group>"; };
		91AD46AA2195BBA80047DBA7 /* TableViewCellRed.xib */ = {isa = PBXFileReference; lastKnownFileType = file.xib; path = TableViewCellRed.xib; sourceTree = "<group>"; };
		91AD46AF2195BBD00047DBA7 /* TableViewCellBlue.swift */ = {isa = PBXFileReference; lastKnownFileType = sourcecode.swift; path = TableViewCellBlue.swift; sourceTree = "<group>"; };
		91AD46B02195BBD00047DBA7 /* TableViewCellBlue.xib */ = {isa = PBXFileReference; lastKnownFileType = file.xib; path = TableViewCellBlue.xib; sourceTree = "<group>"; };
		91AD46B32195BC950047DBA7 /* BlueCellDataSource.swift */ = {isa = PBXFileReference; lastKnownFileType = sourcecode.swift; path = BlueCellDataSource.swift; sourceTree = "<group>"; };
		91AD46B52195BCA50047DBA7 /* RedCellDataSource.swift */ = {isa = PBXFileReference; lastKnownFileType = sourcecode.swift; path = RedCellDataSource.swift; sourceTree = "<group>"; };
		91AD46B72195BDD60047DBA7 /* CellViewModel.swift */ = {isa = PBXFileReference; lastKnownFileType = sourcecode.swift; path = CellViewModel.swift; sourceTree = "<group>"; };
/* End PBXFileReference section */

/* Begin PBXFrameworksBuildPhase section */
		91AD46792195B3AE0047DBA7 /* Frameworks */ = {
			isa = PBXFrameworksBuildPhase;
			buildActionMask = 2147483647;
			files = (
			);
			runOnlyForDeploymentPostprocessing = 0;
		};
/* End PBXFrameworksBuildPhase section */

/* Begin PBXGroup section */
		91AD46732195B3AE0047DBA7 = {
			isa = PBXGroup;
			children = (
				91AD467E2195B3AE0047DBA7 /* DataSourceFabricSouce */,
				91AD467D2195B3AE0047DBA7 /* Products */,
			);
			sourceTree = "<group>";
		};
		91AD467D2195B3AE0047DBA7 /* Products */ = {
			isa = PBXGroup;
			children = (
				91AD467C2195B3AE0047DBA7 /* DataSourceFabricSouce.app */,
			);
			name = Products;
			sourceTree = "<group>";
		};
		91AD467E2195B3AE0047DBA7 /* DataSourceFabricSouce */ = {
			isa = PBXGroup;
			children = (
				91AD46A82195BB830047DBA7 /* Cells */,
				91AD46992195BA630047DBA7 /* TableViewHandler */,
				91AD467F2195B3AE0047DBA7 /* AppDelegate.swift */,
				91AD46812195B3AE0047DBA7 /* ViewController.swift */,
				91AD46A62195BAEA0047DBA7 /* ViewController2.swift */,
				91AD46832195B3AE0047DBA7 /* Main.storyboard */,
				91AD46862195B3B10047DBA7 /* Assets.xcassets */,
				91AD46882195B3B10047DBA7 /* LaunchScreen.storyboard */,
				91AD468B2195B3B10047DBA7 /* Info.plist */,
				91AD46912195B4050047DBA7 /* DependencyContainer.swift */,
				91AD46B32195BC950047DBA7 /* BlueCellDataSource.swift */,
				91AD46B52195BCA50047DBA7 /* RedCellDataSource.swift */,
				91AD46B72195BDD60047DBA7 /* CellViewModel.swift */,
			);
			path = DataSourceFabricSouce;
			sourceTree = "<group>";
		};
		91AD46992195BA630047DBA7 /* TableViewHandler */ = {
			isa = PBXGroup;
			children = (
				91AD469A2195BA630047DBA7 /* TableDataSource.swift */,
				91AD469B2195BA630047DBA7 /* ArrayDataProvider.swift */,
				91AD469C2195BA630047DBA7 /* TableDataProvider.swift */,
				91AD469D2195BA630047DBA7 /* TableArrayDataSource.swift */,
				91AD469E2195BA630047DBA7 /* ConfigurableCell.swift */,
				91AD469F2195BA630047DBA7 /* ReusableCell.swift */,
			);
			path = TableViewHandler;
			sourceTree = "<group>";
		};
		91AD46A82195BB830047DBA7 /* Cells */ = {
			isa = PBXGroup;
			children = (
				91AD46A92195BBA80047DBA7 /* TableViewCellRed.swift */,
				91AD46AA2195BBA80047DBA7 /* TableViewCellRed.xib */,
				91AD46AF2195BBD00047DBA7 /* TableViewCellBlue.swift */,
				91AD46B02195BBD00047DBA7 /* TableViewCellBlue.xib */,
			);
			path = Cells;
			sourceTree = "<group>";
		};
/* End PBXGroup section */

/* Begin PBXNativeTarget section */
		91AD467B2195B3AE0047DBA7 /* DataSourceFabricSouce */ = {
			isa = PBXNativeTarget;
			buildConfigurationList = 91AD468E2195B3B10047DBA7 /* Build configuration list for PBXNativeTarget "DataSourceFabricSouce" */;
			buildPhases = (
				91AD46782195B3AE0047DBA7 /* Sources */,
				91AD46792195B3AE0047DBA7 /* Frameworks */,
				91AD467A2195B3AE0047DBA7 /* Resources */,
			);
			buildRules = (
			);
			dependencies = (
			);
			name = DataSourceFabricSouce;
			productName = DataSourceFabricSouce;
			productReference = 91AD467C2195B3AE0047DBA7 /* DataSourceFabricSouce.app */;
			productType = "com.apple.product-type.application";
		};
/* End PBXNativeTarget section */

/* Begin PBXProject section */
		91AD46742195B3AE0047DBA7 /* Project object */ = {
			isa = PBXProject;
			attributes = {
				LastSwiftUpdateCheck = 1010;
				LastUpgradeCheck = 1010;
				ORGANIZATIONNAME = cedro_nds;
				TargetAttributes = {
					91AD467B2195B3AE0047DBA7 = {
						CreatedOnToolsVersion = 10.1;
					};
				};
			};
			buildConfigurationList = 91AD46772195B3AE0047DBA7 /* Build configuration list for PBXProject "DataSourceFabricSouce" */;
			compatibilityVersion = "Xcode 9.3";
			developmentRegion = en;
			hasScannedForEncodings = 0;
			knownRegions = (
				en,
				Base,
			);
			mainGroup = 91AD46732195B3AE0047DBA7;
			productRefGroup = 91AD467D2195B3AE0047DBA7 /* Products */;
			projectDirPath = "";
			projectRoot = "";
			targets = (
				91AD467B2195B3AE0047DBA7 /* DataSourceFabricSouce */,
			);
		};
/* End PBXProject section */

/* Begin PBXResourcesBuildPhase section */
		91AD467A2195B3AE0047DBA7 /* Resources */ = {
			isa = PBXResourcesBuildPhase;
			buildActionMask = 2147483647;
			files = (
				91AD468A2195B3B10047DBA7 /* LaunchScreen.storyboard in Resources */,
				91AD46B22195BBD00047DBA7 /* TableViewCellBlue.xib in Resources */,
				91AD46872195B3B10047DBA7 /* Assets.xcassets in Resources */,
				91AD46852195B3AE0047DBA7 /* Main.storyboard in Resources */,
				91AD46AC2195BBA80047DBA7 /* TableViewCellRed.xib in Resources */,
			);
			runOnlyForDeploymentPostprocessing = 0;
		};
/* End PBXResourcesBuildPhase section */

/* Begin PBXSourcesBuildPhase section */
		91AD46782195B3AE0047DBA7 /* Sources */ = {
			isa = PBXSourcesBuildPhase;
			buildActionMask = 2147483647;
			files = (
				91AD46822195B3AE0047DBA7 /* ViewController.swift in Sources */,
				91AD46A22195BA630047DBA7 /* TableDataProvider.swift in Sources */,
				91AD46AB2195BBA80047DBA7 /* TableViewCellRed.swift in Sources */,
				91AD46A42195BA630047DBA7 /* ConfigurableCell.swift in Sources */,
				91AD46A12195BA630047DBA7 /* ArrayDataProvider.swift in Sources */,
				91AD46B12195BBD00047DBA7 /* TableViewCellBlue.swift in Sources */,
				91AD46922195B4050047DBA7 /* DependencyContainer.swift in Sources */,
				91AD46A72195BAEA0047DBA7 /* ViewController2.swift in Sources */,
				91AD46802195B3AE0047DBA7 /* AppDelegate.swift in Sources */,
				91AD46A32195BA630047DBA7 /* TableArrayDataSource.swift in Sources */,
				91AD46B82195BDD60047DBA7 /* CellViewModel.swift in Sources */,
				91AD46B62195BCA50047DBA7 /* RedCellDataSource.swift in Sources */,
				91AD46A02195BA630047DBA7 /* TableDataSource.swift in Sources */,
				91AD46A52195BA630047DBA7 /* ReusableCell.swift in Sources */,
				91AD46B42195BC950047DBA7 /* BlueCellDataSource.swift in Sources */,
			);
			runOnlyForDeploymentPostprocessing = 0;
		};
/* End PBXSourcesBuildPhase section */

/* Begin PBXVariantGroup section */
		91AD46832195B3AE0047DBA7 /* Main.storyboard */ = {
			isa = PBXVariantGroup;
			children = (
				91AD46842195B3AE0047DBA7 /* Base */,
			);
			name = Main.storyboard;
			sourceTree = "<group>";
		};
		91AD46882195B3B10047DBA7 /* LaunchScreen.storyboard */ = {
			isa = PBXVariantGroup;
			children = (
				91AD46892195B3B10047DBA7 /* Base */,
			);
			name = LaunchScreen.storyboard;
			sourceTree = "<group>";
		};
/* End PBXVariantGroup section */

/* Begin XCBuildConfiguration section */
		91AD468C2195B3B10047DBA7 /* Debug */ = {
			isa = XCBuildConfiguration;
			buildSettings = {
				ALWAYS_SEARCH_USER_PATHS = NO;
				CLANG_ANALYZER_NONNULL = YES;
				CLANG_ANALYZER_NUMBER_OBJECT_CONVERSION = YES_AGGRESSIVE;
				CLANG_CXX_LANGUAGE_STANDARD = "gnu++14";
				CLANG_CXX_LIBRARY = "libc++";
				CLANG_ENABLE_MODULES = YES;
				CLANG_ENABLE_OBJC_ARC = YES;
				CLANG_ENABLE_OBJC_WEAK = YES;
				CLANG_WARN_BLOCK_CAPTURE_AUTORELEASING = YES;
				CLANG_WARN_BOOL_CONVERSION = YES;
				CLANG_WARN_COMMA = YES;
				CLANG_WARN_CONSTANT_CONVERSION = YES;
				CLANG_WARN_DEPRECATED_OBJC_IMPLEMENTATIONS = YES;
				CLANG_WARN_DIRECT_OBJC_ISA_USAGE = YES_ERROR;
				CLANG_WARN_DOCUMENTATION_COMMENTS = YES;
				CLANG_WARN_EMPTY_BODY = YES;
				CLANG_WARN_ENUM_CONVERSION = YES;
				CLANG_WARN_INFINITE_RECURSION = YES;
				CLANG_WARN_INT_CONVERSION = YES;
				CLANG_WARN_NON_LITERAL_NULL_CONVERSION = YES;
				CLANG_WARN_OBJC_IMPLICIT_RETAIN_SELF = YES;
				CLANG_WARN_OBJC_LITERAL_CONVERSION = YES;
				CLANG_WARN_OBJC_ROOT_CLASS = YES_ERROR;
				CLANG_WARN_RANGE_LOOP_ANALYSIS = YES;
				CLANG_WARN_STRICT_PROTOTYPES = YES;
				CLANG_WARN_SUSPICIOUS_MOVE = YES;
				CLANG_WARN_UNGUARDED_AVAILABILITY = YES_AGGRESSIVE;
				CLANG_WARN_UNREACHABLE_CODE = YES;
				CLANG_WARN__DUPLICATE_METHOD_MATCH = YES;
				CODE_SIGN_IDENTITY = "iPhone Developer";
				COPY_PHASE_STRIP = NO;
				DEBUG_INFORMATION_FORMAT = dwarf;
				ENABLE_STRICT_OBJC_MSGSEND = YES;
				ENABLE_TESTABILITY = YES;
				GCC_C_LANGUAGE_STANDARD = gnu11;
				GCC_DYNAMIC_NO_PIC = NO;
				GCC_NO_COMMON_BLOCKS = YES;
				GCC_OPTIMIZATION_LEVEL = 0;
				GCC_PREPROCESSOR_DEFINITIONS = (
					"DEBUG=1",
					"$(inherited)",
				);
				GCC_WARN_64_TO_32_BIT_CONVERSION = YES;
				GCC_WARN_ABOUT_RETURN_TYPE = YES_ERROR;
				GCC_WARN_UNDECLARED_SELECTOR = YES;
				GCC_WARN_UNINITIALIZED_AUTOS = YES_AGGRESSIVE;
				GCC_WARN_UNUSED_FUNCTION = YES;
				GCC_WARN_UNUSED_VARIABLE = YES;
				IPHONEOS_DEPLOYMENT_TARGET = 12.1;
				MTL_ENABLE_DEBUG_INFO = INCLUDE_SOURCE;
				MTL_FAST_MATH = YES;
				ONLY_ACTIVE_ARCH = YES;
				SDKROOT = iphoneos;
				SWIFT_ACTIVE_COMPILATION_CONDITIONS = DEBUG;
				SWIFT_OPTIMIZATION_LEVEL = "-Onone";
			};
			name = Debug;
		};
		91AD468D2195B3B10047DBA7 /* Release */ = {
			isa = XCBuildConfiguration;
			buildSettings = {
				ALWAYS_SEARCH_USER_PATHS = NO;
				CLANG_ANALYZER_NONNULL = YES;
				CLANG_ANALYZER_NUMBER_OBJECT_CONVERSION = YES_AGGRESSIVE;
				CLANG_CXX_LANGUAGE_STANDARD = "gnu++14";
				CLANG_CXX_LIBRARY = "libc++";
				CLANG_ENABLE_MODULES = YES;
				CLANG_ENABLE_OBJC_ARC = YES;
				CLANG_ENABLE_OBJC_WEAK = YES;
				CLANG_WARN_BLOCK_CAPTURE_AUTORELEASING = YES;
				CLANG_WARN_BOOL_CONVERSION = YES;
				CLANG_WARN_COMMA = YES;
				CLANG_WARN_CONSTANT_CONVERSION = YES;
				CLANG_WARN_DEPRECATED_OBJC_IMPLEMENTATIONS = YES;
				CLANG_WARN_DIRECT_OBJC_ISA_USAGE = YES_ERROR;
				CLANG_WARN_DOCUMENTATION_COMMENTS = YES;
				CLANG_WARN_EMPTY_BODY = YES;
				CLANG_WARN_ENUM_CONVERSION = YES;
				CLANG_WARN_INFINITE_RECURSION = YES;
				CLANG_WARN_INT_CONVERSION = YES;
				CLANG_WARN_NON_LITERAL_NULL_CONVERSION = YES;
				CLANG_WARN_OBJC_IMPLICIT_RETAIN_SELF = YES;
				CLANG_WARN_OBJC_LITERAL_CONVERSION = YES;
				CLANG_WARN_OBJC_ROOT_CLASS = YES_ERROR;
				CLANG_WARN_RANGE_LOOP_ANALYSIS = YES;
				CLANG_WARN_STRICT_PROTOTYPES = YES;
				CLANG_WARN_SUSPICIOUS_MOVE = YES;
				CLANG_WARN_UNGUARDED_AVAILABILITY = YES_AGGRESSIVE;
				CLANG_WARN_UNREACHABLE_CODE = YES;
				CLANG_WARN__DUPLICATE_METHOD_MATCH = YES;
				CODE_SIGN_IDENTITY = "iPhone Developer";
				COPY_PHASE_STRIP = NO;
				DEBUG_INFORMATION_FORMAT = "dwarf-with-dsym";
				ENABLE_NS_ASSERTIONS = NO;
				ENABLE_STRICT_OBJC_MSGSEND = YES;
				GCC_C_LANGUAGE_STANDARD = gnu11;
				GCC_NO_COMMON_BLOCKS = YES;
				GCC_WARN_64_TO_32_BIT_CONVERSION = YES;
				GCC_WARN_ABOUT_RETURN_TYPE = YES_ERROR;
				GCC_WARN_UNDECLARED_SELECTOR = YES;
				GCC_WARN_UNINITIALIZED_AUTOS = YES_AGGRESSIVE;
				GCC_WARN_UNUSED_FUNCTION = YES;
				GCC_WARN_UNUSED_VARIABLE = YES;
				IPHONEOS_DEPLOYMENT_TARGET = 12.1;
				MTL_ENABLE_DEBUG_INFO = NO;
				MTL_FAST_MATH = YES;
				SDKROOT = iphoneos;
				SWIFT_COMPILATION_MODE = wholemodule;
				SWIFT_OPTIMIZATION_LEVEL = "-O";
				VALIDATE_PRODUCT = YES;
			};
			name = Release;
		};
		91AD468F2195B3B10047DBA7 /* Debug */ = {
			isa = XCBuildConfiguration;
			buildSettings = {
				ASSETCATALOG_COMPILER_APPICON_NAME = AppIcon;
				CODE_SIGN_STYLE = Automatic;
				DEVELOPMENT_TEAM = 77FV36N6JL;
				INFOPLIST_FILE = DataSourceFabricSouce/Info.plist;
				LD_RUNPATH_SEARCH_PATHS = (
					"$(inherited)",
					"@executable_path/Frameworks",
				);
				PRODUCT_BUNDLE_IDENTIFIER = com.josevictor.poc.DataSourceFabricSouce;
				PRODUCT_NAME = "$(TARGET_NAME)";
				SWIFT_VERSION = 4.2;
				TARGETED_DEVICE_FAMILY = "1,2";
			};
			name = Debug;
		};
		91AD46902195B3B10047DBA7 /* Release */ = {
			isa = XCBuildConfiguration;
			buildSettings = {
				ASSETCATALOG_COMPILER_APPICON_NAME = AppIcon;
				CODE_SIGN_STYLE = Automatic;
				DEVELOPMENT_TEAM = 77FV36N6JL;
				INFOPLIST_FILE = DataSourceFabricSouce/Info.plist;
				LD_RUNPATH_SEARCH_PATHS = (
					"$(inherited)",
					"@executable_path/Frameworks",
				);
				PRODUCT_BUNDLE_IDENTIFIER = com.josevictor.poc.DataSourceFabricSouce;
				PRODUCT_NAME = "$(TARGET_NAME)";
				SWIFT_VERSION = 4.2;
				TARGETED_DEVICE_FAMILY = "1,2";
			};
			name = Release;
		};
/* End XCBuildConfiguration section */

/* Begin XCConfigurationList section */
		91AD46772195B3AE0047DBA7 /* Build configuration list for PBXProject "DataSourceFabricSouce" */ = {
			isa = XCConfigurationList;
			buildConfigurations = (
				91AD468C2195B3B10047DBA7 /* Debug */,
				91AD468D2195B3B10047DBA7 /* Release */,
			);
			defaultConfigurationIsVisible = 0;
			defaultConfigurationName = Release;
		};
		91AD468E2195B3B10047DBA7 /* Build configuration list for PBXNativeTarget "DataSourceFabricSouce" */ = {
			isa = XCConfigurationList;
			buildConfigurations = (
				91AD468F2195B3B10047DBA7 /* Debug */,
				91AD46902195B3B10047DBA7 /* Release */,
			);
			defaultConfigurationIsVisible = 0;
			defaultConfigurationName = Release;
		};
/* End XCConfigurationList section */
	};
	rootObject = 91AD46742195B3AE0047DBA7 /* Project object */;
}
